{
  "name": "hermes-dock-image-text-ocr-runtime",
  "version": "0.0.0",
  "lockfileVersion": 3,
  "requires": true,
  "packages": {
    "": {
      "name": "hermes-dock-image-text-ocr-runtime",
      "version": "0.0.0",
      "dependencies": {
        "@arcships/light-ocr": "0.5.5"
      }
    },
    "node_modules/@arcships/light-ocr": {
      "version": "0.5.5",
      "resolved": "https://registry.npmjs.org/@arcships/light-ocr/-/light-ocr-0.5.5.tgz",
      "integrity": "sha512-FXeNhNXjjW8nEVmPKPPaPS3mtA52O4zSdPtPdSyxSBgxmjPTGpZAI0RvVD2s+I3MGP/YCC0qsC1H6MJOBv/8iA==",
      "license": "Apache-2.0",
      "dependencies": {
        "@arcships/light-ocr-model-ppocrv6-small": "0.3.4",
        "@arcships/light-ocr-runtime": "0.1.5"
      },
      "bin": {
        "light-ocr": "src/cli.cjs"
      },
      "engines": {
        "node": "^22.0.0 || ^24.0.0"
      }
    },
    "node_modules/@arcships/light-ocr-darwin-arm64": {
      "version": "0.5.5",
      "resolved": "https://registry.npmjs.org/@arcships/light-ocr-darwin-arm64/-/light-ocr-darwin-arm64-0.5.5.tgz",
      "integrity": "sha512-JthToOGzdM4wW3YJ+vLwX6pXL0i5nljgmMYkMVBuuauV6JHQByewQIzmGWqkQxz9CDnbovb0OX863QV/w36Clw==",
      "cpu": [
        "arm64"
      ],
      "license": "Apache-2.0",
      "optional": true,
      "os": [
        "darwin"
      ],
      "engines": {
        "node": "^22.0.0 || ^24.0.0"
      }
    },
    "node_modules/@arcships/light-ocr-darwin-x64": {
      "version": "0.5.5",
      "resolved": "https://registry.npmjs.org/@arcships/light-ocr-darwin-x64/-/light-ocr-darwin-x64-0.5.5.tgz",
      "integrity": "sha512-ShS6SslVeIJCsQEmfxq15ICorGpEbxw5DiFmjK1yenprEhLKDa88lAMqkIdlOTAL0ZoZ7h/cELM6Pz2kG6UZJQ==",
      "cpu": [
        "x64"
      ],
      "license": "Apache-2.0",
      "optional": true,
      "os": [
        "darwin"
      ],
      "engines": {
        "node": "^22.0.0 || ^24.0.0"
      }
    },
    "node_modules/@arcships/light-ocr-linux-arm64-gnu": {
      "version": "0.5.5",
      "resolved": "https://registry.npmjs.org/@arcships/light-ocr-linux-arm64-gnu/-/light-ocr-linux-arm64-gnu-0.5.5.tgz",
      "integrity": "sha512-29q7qssTa+Wx3lT9TTZiURdm2al7Aa78P7Whdiy+ISi18qTogcYd1tGjpze23JOGfvSHEcJo9vwWEsrm7T1HnQ==",
      "cpu": [
        "arm64"
      ],
      "libc": [
        "glibc"
      ],
      "license": "Apache-2.0",
      "optional": true,
      "os": [
        "linux"
      ],
      "engines": {
        "node": "^22.0.0 || ^24.0.0"
      }
    },
    "node_modules/@arcships/light-ocr-linux-x64-gnu": {
      "version": "0.5.5",
      "resolved": "https://registry.npmjs.org/@arcships/light-ocr-linux-x64-gnu/-/light-ocr-linux-x64-gnu-0.5.5.tgz",
      "integrity": "sha512-XfNe1gKs3kegvNd5NpJHBh+YGUEBi0iZar+okroP3ubQJOqiHHyctM8Hr6yNLbnQyOJuDsaF2Gmj/BFw+UAr+A==",
      "cpu": [
        "x64"
      ],
      "libc": [
        "glibc"
      ],
      "license": "Apache-2.0",
      "optional": true,
      "os": [
        "linux"
      ],
      "engines": {
        "node": "^22.0.0 || ^24.0.0"
      }
    },
    "node_modules/@arcships/light-ocr-model-ppocrv6-small": {
      "version": "0.3.4",
      "resolved": "https://registry.npmjs.org/@arcships/light-ocr-model-ppocrv6-small/-/light-ocr-model-ppocrv6-small-0.3.4.tgz",
      "integrity": "sha512-F2Rjx3xoiKw1eUc/DW5k5/t1AlvWfReUDTdpRdQKNCDz5Y8YYif+15CHdPz7Wdt/Nza7drDOM3NTGUIuA20ERw==",
      "license": "Apache-2.0"
    },
    "node_modules/@arcships/light-ocr-runtime": {
      "version": "0.1.5",
      "resolved": "https://registry.npmjs.org/@arcships/light-ocr-runtime/-/light-ocr-runtime-0.1.5.tgz",
      "integrity": "sha512-/InQ1wgg1H6eRnkaTHvI/p+MWGNfEKJzZ+uPH9RM3sSL32QRvhRxWvjOUCZA8Fz7JfhsqhPIVVVjmK6INuXylg==",
      "license": "Apache-2.0",
      "engines": {
        "node": "^22.0.0 || ^24.0.0"
      },
      "optionalDependencies": {
        "@arcships/light-ocr-darwin-arm64": "0.5.5",
        "@arcships/light-ocr-darwin-x64": "0.5.5",
        "@arcships/light-ocr-linux-arm64-gnu": "0.5.5",
        "@arcships/light-ocr-linux-x64-gnu": "0.5.5",
        "@arcships/light-ocr-win32-arm64": "0.5.5",
        "@arcships/light-ocr-win32-x64": "0.5.5"
      }
    },
    "node_modules/@arcships/light-ocr-win32-arm64": {
      "version": "0.5.5",
      "resolved": "https://registry.npmjs.org/@arcships/light-ocr-win32-arm64/-/light-ocr-win32-arm64-0.5.5.tgz",
      "integrity": "sha512-UgqOLwg2Z66qaJ3Uxy6mAj35Rg7wPSuzSu/DJPIV7/EX854fTjZ6x9FZoEyyogwR4D97uTrZmxM4LNgI6lG9dw==",
      "cpu": [
        "arm64"
      ],
      "license": "Apache-2.0",
      "optional": true,
      "os": [
        "win32"
      ],
      "engines": {
        "node": "^22.0.0 || ^24.0.0"
      }
    },
    "node_modules/@arcships/light-ocr-win32-x64": {
      "version": "0.5.5",
      "resolved": "https://registry.npmjs.org/@arcships/light-ocr-win32-x64/-/light-ocr-win32-x64-0.5.5.tgz",
      "integrity": "sha512-9rvg8E2V+GGS8DXwzwpmPcK7TizTshFKyd7Gw24EN/csheP7Ll/Im1mqaTRsAgJcvD0iKig0LIUnpq+i1Ie9Yg==",
      "cpu": [
        "x64"
      ],
      "license": "Apache-2.0",
      "optional": true,
      "os": [
        "win32"
      ],
      "engines": {
        "node": "^22.0.0 || ^24.0.0"
      }
    }
  }
}
