aiohappyeyeballs==2.7.1 \
    --hash=sha256:9243213661e29250eb41368e5daa826fc017156c3b8a11440826b2e3ed376472
aiohttp==3.14.2 \
    --hash=sha256:09d1b0deec698d1198eb0b8f910dd9432d856985abbfea3f06be8b296a6619b4 \
    --hash=sha256:46b8887aa303075c1e5b24123f314a1a7bbfa03d0213dff8bb70503b2148c853
aiosignal==1.4.0 \
    --hash=sha256:053243f8b92b990551949e63930a839ff0cf0b0ebbe0597b0f3fb19e1a0fe82e
aistudio-sdk==0.3.8 \
    --hash=sha256:bfc96af7243ac2ee3303014849aa4028717cce5afa622af8cfe3a1d44d1941d6
annotated-types==0.7.0 \
    --hash=sha256:1f02e8b43a8fbbc3f3e0d4f0f4bfc8131bcb4eebe8849b8e5c773f3a1c582a53
anyio==4.14.2 \
    --hash=sha256:9f505dda5ac9f0c8309b5e8bd445a8c2bf7246f3ce950121e45ea15bc41d1494
attrs==26.1.0 \
    --hash=sha256:c647aa4a12dfbad9333ca4e71fe62ddc36f4e63b2d260a37a8b83d2f043ac309
bce-python-sdk==0.9.72 \
    --hash=sha256:54a0c121134d6f183f6013d9b33dbf5b6678b0815b6d09616bbceed0202dd797
certifi==2026.6.17 \
    --hash=sha256:2227dcbaafe0d2f59279d1762ddddc37783ed4354594f194ffc31d20f41fc3db
chardet==7.4.3 \
    --hash=sha256:365135eaf37ba65a828f8e668eb0a8c38c479dcbec724dc25f4dfd781049c357 \
    --hash=sha256:bfc134b70c846c21ead8e43ada3ae1a805fff732f6922f8abcf2ff27b8f6493d
charset-normalizer==3.4.9 \
    --hash=sha256:21e764fd1e70b6a3e205a0e46f3051701f98a8cb3fad66eeb80e48bb502f8698 \
    --hash=sha256:84fd18bcc17526fc2b3c1af7d2b9217d32c9c04448c16ec693b9b4f1985c3d33
click==8.4.2 \
    --hash=sha256:e6f9f66136c816745b9d65817da91d61d957fb16e02e4dcd0552553c5a197b76
colorlog==6.11.0 \
    --hash=sha256:f1e27d75aa2cb138f3f640c0e305b65b680ccbef6ecc034eba7e03494ffcd2a1
crc32c==2.8 \
    --hash=sha256:086f64793c5ec856d1ab31a026d52ad2b895ac83d7a38fce557d74eb857f0a82 \
    --hash=sha256:bcf72ee7e0135b3d941c34bb2c26c3fc6bc207106b49fd89aaafaeae223ae209
filelock==3.31.1 \
    --hash=sha256:9ea33146c780161bf67cb20c7cb26b651566820d65ad8dfdd79422602a2dcfc0
frozenlist==1.8.0 \
    --hash=sha256:eaa352d7047a31d87dafcacbabe89df0aa506abb5b1b85a2fb91bc3faa02d822 \
    --hash=sha256:fb30f9626572a76dfe4293c7194a09fb1fe93ba94c7d4f720dfae3b646b45027
fsspec==2026.6.0 \
    --hash=sha256:02e0b71817df9b2169dc30a16832045764def1191b43dcff5bb85bdee212d2a1
future==1.0.0 \
    --hash=sha256:929292d34f5872e70396626ef385ec22355a1fae8ad29e1a734c3e43f9fbc216
h11==0.16.0 \
    --hash=sha256:63cf8bbe7522de3bf65932fda1d9c2772064ffb3dae62d55932da54b31cb6c86
hf-xet==1.5.2 \
    --hash=sha256:7db73c810500c54c6760be8c39d4b2e476974de85424c50063efc22fdda13025 \
    --hash=sha256:db78c39c83d6279daddc98e2238f373ab8980685556d42472b4ec51abcf03e8c
httpcore==1.0.9 \
    --hash=sha256:2d400746a40668fc9dec9810239072b40b4484b640a8c38fd654a024c7a1bf55
httpx==0.28.1 \
    --hash=sha256:d909fcccc110f8c7faf814ca82a9a4d816bc5a6dbfea25d6591d6985b8ba59ad
huggingface-hub==1.24.0 \
    --hash=sha256:6ed4120a84a6beec900640aa7e346bd766a6b7341e41526fef5dc8bd81fb7d59
idna==3.18 \
    --hash=sha256:7f952cbe720b688055e3f87de14f5c3e5fdaa8bc3928985c4077ca689de849a2
imagesize==2.0.0 \
    --hash=sha256:5667c5bbb57ab3f1fa4bc366f4fbc971db3d5ed011fd2715fd8001f782718d96
modelscope==1.38.1 \
    --hash=sha256:7d65be96999144ca045386d27a8ea057b8777504c538d9755d60ec2c8906fe72
modelscope-hub==0.1.7 \
    --hash=sha256:907e5da4d8b050277a3cbd79d1c2df4f723b549ba38f573f4ffb6d1cd1525349
multidict==6.7.1 \
    --hash=sha256:9d624335fd4fa1c08a53f8b4be7676ebde19cd092b3895c421045ca87895b429 \
    --hash=sha256:e82d14e3c948952a1a85503817e038cba5905a3352de76b9a465075d072fba23
networkx==3.6.1 \
    --hash=sha256:d47fbf302e7d9cbbb9e2555a0d267983d2aa476bac30e90dfbe5669bd57f3762
numpy==2.3.5 \
    --hash=sha256:11e06aa0af8c0f05104d56450d6093ee639e15f24ecf62d417329d06e522e017 \
    --hash=sha256:9c75442b2209b8470d6d5d8b1c25714270686f14c749028d2199c54e29f20b4d
opencv-contrib-python==4.10.0.84 \
    --hash=sha256:040575b69e4f3aa761676bace4e3d1b8485fbfaf77ef77b266ab6bda5a3b5e9b \
    --hash=sha256:a261223db41f6e512d76deaf21c8fcfb4fbbcbc2de62ca7f74a05f2c9ee489ef
opt-einsum==3.3.0 \
    --hash=sha256:2455e59e3947d3c275477df7f5205b30635e266fe6dc300e3d9f9646bfcea147
packaging==26.2 \
    --hash=sha256:5fc45236b9446107ff2415ce77c807cee2862cb6fac22b8a73826d0693b0980e
paddleocr==3.7.0 \
    --hash=sha256:c0f0a81ad4112727f30c6fcf986ac0ef6a120d31ee0991a01fae0357ee32d338
paddlepaddle==3.1.1 \
    --hash=sha256:d47e564ba502eabaf5bc8cd40b39573eede6fcd5551e2ff0d949d9f53e666377 \
    --hash=sha256:e6796ff90dd0882dad4888104daa111f43bf25210396c225853d86c573cf2a99
paddlex==3.7.2 \
    --hash=sha256:f1678bf650bbaccfd8f0d4e49d0ae631b4685c829fdae6e802ccd90d4fcb9a7f
pandas==3.0.3 \
    --hash=sha256:a4eeb6830daf35a71cc09649bd823e2b542dac246cdee9614c6e4bd65028cd6a \
    --hash=sha256:d4be06d68f9ddcfc645b87534911da79a8fbffc7573c80e0edcf42a5020624d8
pillow==12.3.0 \
    --hash=sha256:0847a763afefb695bc912d7c131e7e0632d4edc1d8698f58ddabec8e46b8b6d3 \
    --hash=sha256:f7401aebd7f581d7f83a439d87d474999317ee099218e5ad25d125290990ba65
prettytable==3.18.0 \
    --hash=sha256:b3346e0e6f79180833aebaac088ae926340586cf6d7d991b9eb125b65f72313a
propcache==0.5.2 \
    --hash=sha256:4db0ba63d693afd40d249bd93f842b5f144f8fcbb83de05660373bcf30517b1d \
    --hash=sha256:a6ae2198be502c10f09b2516e7b5d019816924bc3183a43ce792a7bd6625e6f4
protobuf==7.35.1 \
    --hash=sha256:11d6b0ec246892d85215b0a13ca6e0233cf5284b68f0ac02646427f4ff88a799 \
    --hash=sha256:74758715c53d7158fb76caf4f0cfdacc5329a4b1bb994f865d6cf302d413a1c4
psutil==7.2.2 \
    --hash=sha256:076a2d2f923fd4821644f5ba89f059523da90dc9014e85f8e45a5774ca5bc6f9 \
    --hash=sha256:b0726cecd84f9474419d67252add4ac0cd9811b04d61123054b9fb6f57df6e9e
py-cpuinfo==9.0.0 \
    --hash=sha256:859625bc251f64e21f077d099d4162689c762b5d6a4c3c97553d56241c9674d5
pyclipper==1.4.0 \
    --hash=sha256:14c8bdb5a72004b721c4e6f448d2c2262d74a7f0c9e3076aeff41e564a92389f \
    --hash=sha256:f2a50c22c3a78cb4e48347ecf06930f61ce98cf9252f2e292aa025471e9d75b1
pycryptodome==3.23.0 \
    --hash=sha256:67bd81fcbe34f43ad9422ee8fd4843c8e7198dd88dd3d40e6de42ee65fbe1490 \
    --hash=sha256:c8987bd3307a39bc03df5c8e0e3d8be0c4c3518b7f044b0f4c15d1aa78f52575
pydantic==2.13.4 \
    --hash=sha256:45a282cde31d808236fd7ea9d919b128653c8b38b393d1c4ab335c62924d9aba
pydantic-core==2.46.4 \
    --hash=sha256:9551187363ffc0de2a00b2e47c25aeaeb1020b69b668762966df15fc5659dd5a \
    --hash=sha256:f027324c56cd5406ca49c124b0db10e56c69064fec039acc571c29020cc87c76
pypdfium2==5.12.1 \
    --hash=sha256:6eabf028ad8e7bc7811c9acf3a72718c180569b624b844d2c6cc974609784275 \
    --hash=sha256:e10cbf41b21233ec5e20adfc170cf60edd77abead86a97dc708fff55a8a886c7
python-bidi==0.6.11 \
    --hash=sha256:302f4ca7dabfe447e707d40e98520551181036c15750bdd1e73292ad8b3d8e75 \
    --hash=sha256:74457b43db34f984252e915828b5d1a4042a771f44e853a5643506d01562eccb
python-dateutil==2.9.0.post0 \
    --hash=sha256:a8b2bc7bffae282281c8140a97d3aa9c14da0b136dfe83f850eea9a5f7470427
pyyaml==6.0.2 \
    --hash=sha256:0ffe8360bab4910ef1b9e87fb812d8bc0a308b0d0eef8c8f44e0254ab3b07133 \
    --hash=sha256:70b189594dbe54f75ab3a1acec5f1e3faa7e8cf2f1e08d9b561cb41b845f69d5
requests==2.34.2 \
    --hash=sha256:2a0d60c172f83ac6ab31e4554906c0f3b3588d37b5cb939b1c061f4907e278e0
ruamel-yaml==0.19.1 \
    --hash=sha256:27592957fedf6e0b62f281e96effd28043345e0e66001f97683aa9a40c667c93
setuptools==83.0.0 \
    --hash=sha256:29b23c360f22f414dc7336bb39178cc7bcbf6021ed2733cde173f09dba19abb3
shapely==2.1.2 \
    --hash=sha256:7ed1a5bbfb386ee8332713bf7508bc24e32d24b74fc9a7b9f8529a55db9f4ee6 \
    --hash=sha256:fe7b77dc63d707c09726b7908f575fc04ff1d1ad0f3fb92aec212396bc6cfe5e
six==1.17.0 \
    --hash=sha256:4721f391ed90541fddacab5acf947aa0d3dc7d27b2e1e8eda2be8970586c3274
tqdm==4.69.0 \
    --hash=sha256:9979978912be667a6ef21fd5d8abf54e324e63d82f7f43c360792ebc2bc4e622
typing-extensions==4.16.0 \
    --hash=sha256:481caa481374e813c1b176ada14e97f1f67a4539ce9cfeb3f350d78d6370c2e8
typing-inspection==0.4.2 \
    --hash=sha256:4ed1cacbdc298c220f1bd249ed5287caa16f34d44ef4e9c3d0cbad5b521545e7
ujson==5.13.0 \
    --hash=sha256:2c00323c13a35822c9a67a26c0b2a0787510bf1ef490922b58009b362d1a3e21 \
    --hash=sha256:496e662a6b46d5f936d77fb68259cece19213bb2301ddd520dbd75ac7c90c5f4
urllib3==2.7.0 \
    --hash=sha256:9fb4c81ebbb1ce9531cce37674bbc6f1360472bc18ca9a553ede278ef7276897
wcwidth==0.8.2 \
    --hash=sha256:d63947694a0539a1d51e01eda7caf800c291020e6cdd7e28ad7b14dd33ad4f85
yarl==1.24.5 \
    --hash=sha256:d46b86567dd4e248c6c159fcbcdcce01e0a5c8a7cd2334a0fff759d0fa075b16 \
    --hash=sha256:ebb0ec7f17803063d5aeb982f3b1bd2b2f4e4fae6751226cbd6ba1fcfe9e63ff
